
Microsoft Visual Studio Solution File, Format Version 12.00
# Visual Studio Version 17
VisualStudioVersion = 17.2.32616.157
MinimumVisualStudioVersion = 10.0.40219.1
Project("{2150E333-8FDC-42A3-9474-1A3956D46DE8}") = "S03-Algorithm Implementation", "S03-Algorithm Implementation", "{272D3BC3-E3C9-4EED-88D2-4CC986BB9755}"
EndProject
Project("{9A19103F-16F7-4668-BE54-9A1E7A4F7556}") = "LayeredArchitecture", "LayeredArchitecture\LayeredArchitecture.csproj", "{75450AAC-4AAF-4A6C-879F-C25B953E1F38}"
EndProject
Project("{9A19103F-16F7-4668-BE54-9A1E7A4F7556}") = "LayeredArchitectureTest", "LayeredArchitectureTest\LayeredArchitectureTest.csproj", "{EFB4EC4A-C5BC-4089-A922-166DA48D81AA}"
EndProject
Global
	GlobalSection(SolutionConfigurationPlatforms) = preSolution
		Debug|Any CPU = Debug|Any CPU
		Release|Any CPU = Release|Any CPU
	EndGlobalSection
	GlobalSection(ProjectConfigurationPlatforms) = postSolution
		{75450AAC-4AAF-4A6C-879F-C25B953E1F38}.Debug|Any CPU.ActiveCfg = Debug|Any CPU
		{75450AAC-4AAF-4A6C-879F-C25B953E1F38}.Debug|Any CPU.Build.0 = Debug|Any CPU
		{75450AAC-4AAF-4A6C-879F-C25B953E1F38}.Release|Any CPU.ActiveCfg = Release|Any CPU
		{75450AAC-4AAF-4A6C-879F-C25B953E1F38}.Release|Any CPU.Build.0 = Release|Any CPU
		{EFB4EC4A-C5BC-4089-A922-166DA48D81AA}.Debug|Any CPU.ActiveCfg = Debug|Any CPU
		{EFB4EC4A-C5BC-4089-A922-166DA48D81AA}.Debug|Any CPU.Build.0 = Debug|Any CPU
		{EFB4EC4A-C5BC-4089-A922-166DA48D81AA}.Release|Any CPU.ActiveCfg = Release|Any CPU
		{EFB4EC4A-C5BC-4089-A922-166DA48D81AA}.Release|Any CPU.Build.0 = Release|Any CPU
	EndGlobalSection
	GlobalSection(SolutionProperties) = preSolution
		HideSolutionNode = FALSE
	EndGlobalSection
	GlobalSection(NestedProjects) = preSolution
		{75450AAC-4AAF-4A6C-879F-C25B953E1F38} = {272D3BC3-E3C9-4EED-88D2-4CC986BB9755}
		{EFB4EC4A-C5BC-4089-A922-166DA48D81AA} = {272D3BC3-E3C9-4EED-88D2-4CC986BB9755}
	EndGlobalSection
	GlobalSection(ExtensibilityGlobals) = postSolution
		SolutionGuid = {AD716F48-1604-46EF-A0C7-B8270AC2653A}
	EndGlobalSection
EndGlobal
