
Microsoft Visual Studio Solution File, Format Version 12.00
# Visual Studio Version 17
VisualStudioVersion = 17.13.35913.81
MinimumVisualStudioVersion = 10.0.40219.1
Project("{FAE04EC0-301F-11D3-BF4B-00C04F79EFBC}") = "LibraryDataLayer", "LibraryDataLayer\LibraryDataLayer.csproj", "{E263BF46-9E31-46FE-98C1-0D07FDA532D3}"
EndProject
Project("{FAE04EC0-301F-11D3-BF4B-00C04F79EFBC}") = "LibraryLogicLayer", "LibraryLogicLayer\LibraryLogicLayer.csproj", "{97980B41-3A9E-4DC0-AB94-25EA51DEFEDC}"
EndProject
Project("{FAE04EC0-301F-11D3-BF4B-00C04F79EFBC}") = "DataLayerTest", "DataLayerTest\DataLayerTest.csproj", "{49902014-1FDD-4816-AA85-1D5E76D1B75C}"
EndProject
Project("{FAE04EC0-301F-11D3-BF4B-00C04F79EFBC}") = "LogicLayerTest", "LogicLayerTest\LogicLayerTest.csproj", "{0C6AEC53-2B57-427B-A8A8-B68F92B2ABEF}"
EndProject
Project("{FAE04EC0-301F-11D3-BF4B-00C04F79EFBC}") = "PresentationLayer", "PresentationLayer\PresentationLayer.csproj", "{25784E73-7D66-40BA-B124-0D6D00CD5170}"
EndProject
Project("{FAE04EC0-301F-11D3-BF4B-00C04F79EFBC}") = "PresentationLayerTest", "PresentationLayerTest\PresentationLayerTest.csproj", "{537A703B-0F90-45B3-A070-46FB63EE31B8}"
EndProject
Global
	GlobalSection(SolutionConfigurationPlatforms) = preSolution
		Debug|Any CPU = Debug|Any CPU
		Release|Any CPU = Release|Any CPU
	EndGlobalSection
	GlobalSection(ProjectConfigurationPlatforms) = postSolution
		{E263BF46-9E31-46FE-98C1-0D07FDA532D3}.Debug|Any CPU.ActiveCfg = Debug|Any CPU
		{E263BF46-9E31-46FE-98C1-0D07FDA532D3}.Debug|Any CPU.Build.0 = Debug|Any CPU
		{E263BF46-9E31-46FE-98C1-0D07FDA532D3}.Release|Any CPU.ActiveCfg = Release|Any CPU
		{E263BF46-9E31-46FE-98C1-0D07FDA532D3}.Release|Any CPU.Build.0 = Release|Any CPU
		{97980B41-3A9E-4DC0-AB94-25EA51DEFEDC}.Debug|Any CPU.ActiveCfg = Debug|Any CPU
		{97980B41-3A9E-4DC0-AB94-25EA51DEFEDC}.Debug|Any CPU.Build.0 = Debug|Any CPU
		{97980B41-3A9E-4DC0-AB94-25EA51DEFEDC}.Release|Any CPU.ActiveCfg = Release|Any CPU
		{97980B41-3A9E-4DC0-AB94-25EA51DEFEDC}.Release|Any CPU.Build.0 = Release|Any CPU
		{49902014-1FDD-4816-AA85-1D5E76D1B75C}.Debug|Any CPU.ActiveCfg = Debug|Any CPU
		{49902014-1FDD-4816-AA85-1D5E76D1B75C}.Debug|Any CPU.Build.0 = Debug|Any CPU
		{49902014-1FDD-4816-AA85-1D5E76D1B75C}.Release|Any CPU.ActiveCfg = Release|Any CPU
		{49902014-1FDD-4816-AA85-1D5E76D1B75C}.Release|Any CPU.Build.0 = Release|Any CPU
		{0C6AEC53-2B57-427B-A8A8-B68F92B2ABEF}.Debug|Any CPU.ActiveCfg = Debug|Any CPU
		{0C6AEC53-2B57-427B-A8A8-B68F92B2ABEF}.Debug|Any CPU.Build.0 = Debug|Any CPU
		{0C6AEC53-2B57-427B-A8A8-B68F92B2ABEF}.Release|Any CPU.ActiveCfg = Release|Any CPU
		{0C6AEC53-2B57-427B-A8A8-B68F92B2ABEF}.Release|Any CPU.Build.0 = Release|Any CPU
		{25784E73-7D66-40BA-B124-0D6D00CD5170}.Debug|Any CPU.ActiveCfg = Debug|Any CPU
		{25784E73-7D66-40BA-B124-0D6D00CD5170}.Debug|Any CPU.Build.0 = Debug|Any CPU
		{25784E73-7D66-40BA-B124-0D6D00CD5170}.Release|Any CPU.ActiveCfg = Release|Any CPU
		{25784E73-7D66-40BA-B124-0D6D00CD5170}.Release|Any CPU.Build.0 = Release|Any CPU
		{537A703B-0F90-45B3-A070-46FB63EE31B8}.Debug|Any CPU.ActiveCfg = Debug|Any CPU
		{537A703B-0F90-45B3-A070-46FB63EE31B8}.Debug|Any CPU.Build.0 = Debug|Any CPU
		{537A703B-0F90-45B3-A070-46FB63EE31B8}.Release|Any CPU.ActiveCfg = Release|Any CPU
		{537A703B-0F90-45B3-A070-46FB63EE31B8}.Release|Any CPU.Build.0 = Release|Any CPU
	EndGlobalSection
	GlobalSection(SolutionProperties) = preSolution
		HideSolutionNode = FALSE
	EndGlobalSection
	GlobalSection(ExtensibilityGlobals) = postSolution
		SolutionGuid = {7B2B46AF-9239-49B8-A5B4-9581AC5B42CB}
	EndGlobalSection
EndGlobal
